// !$*UTF8*$!
{
	archiveVersion = 1;
	classes = {
	};
	objectVersion = 46;
	objects = {

/* Begin PBXBuildFile section */
		4C7BFD6002F2EDC3ED1089CF /* Pods_LottieAnimations.framework in Frameworks */ = {isa = PBXBuildFile; fileRef = 707FC6A996C3EC6EC6EF6BA4 /* Pods_LottieAnimations.framework */; };
		7B3448791E7C5DB60055F047 /* AppDelegate.swift in Sources */ = {isa = PBXBuildFile; fileRef = 7B3448781E7C5DB60055F047 /* AppDelegate.swift */; };
		7B34487B1E7C5DB60055F047 /* ViewController.swift in Sources */ = {isa = PBXBuildFile; fileRef = 7B34487A1E7C5DB60055F047 /* ViewController.swift */; };
		7B34487E1E7C5DB60055F047 /* Main.storyboard in Resources */ = {isa = PBXBuildFile; fileRef = 7B34487C1E7C5DB60055F047 /* Main.storyboard */; };
		7B3448801E7C5DB60055F047 /* Assets.xcassets in Resources */ = {isa = PBXBuildFile; fileRef = 7B34487F1E7C5DB60055F047 /* Assets.xcassets */; };
		7B3448831E7C5DB60055F047 /* LaunchScreen.storyboard in Resources */ = {isa = PBXBuildFile; fileRef = 7B3448811E7C5DB60055F047 /* LaunchScreen.storyboard */; };
		7B3448ED1E7C9D130055F047 /* pinjump.json in Resources */ = {isa = PBXBuildFile; fileRef = 7B3448EC1E7C9D130055F047 /* pinjump.json */; };
		7B3448F01E7C9F400055F047 /* hamburguer.json in Resources */ = {isa = PBXBuildFile; fileRef = 7B3448EF1E7C9F400055F047 /* hamburguer.json */; };
		7B3448F21E7CA7FB0055F047 /* twitter.json in Resources */ = {isa = PBXBuildFile; fileRef = 7B3448F11E7CA7FB0055F047 /* twitter.json */; };
		7B3448F41E7CAA8E0055F047 /* walkthrough.json in Resources */ = {isa = PBXBuildFile; fileRef = 7B3448F31E7CAA8E0055F047 /* walkthrough.json */; };
		7B3448F61E7CAA930055F047 /* lottielogo.json in Resources */ = {isa = PBXBuildFile; fileRef = 7B3448F51E7CAA930055F047 /* lottielogo.json */; };
/* End PBXBuildFile section */

/* Begin PBXFileReference section */
		707FC6A996C3EC6EC6EF6BA4 /* Pods_LottieAnimations.framework */ = {isa = PBXFileReference; explicitFileType = wrapper.framework; includeInIndex = 0; path = Pods_LottieAnimations.framework; sourceTree = BUILT_PRODUCTS_DIR; };
		7B3448751E7C5DB60055F047 /* LottieAnimations.app */ = {isa = PBXFileReference; explicitFileType = wrapper.application; includeInIndex = 0; path = LottieAnimations.app; sourceTree = BUILT_PRODUCTS_DIR; };
		7B3448781E7C5DB60055F047 /* AppDelegate.swift */ = {isa = PBXFileReference; lastKnownFileType = sourcecode.swift; path = AppDelegate.swift; sourceTree = "<group>"; };
		7B34487A1E7C5DB60055F047 /* ViewController.swift */ = {isa = PBXFileReference; lastKnownFileType = sourcecode.swift; path = ViewController.swift; sourceTree = "<group>"; };
		7B34487D1E7C5DB60055F047 /* Base */ = {isa = PBXFileReference; lastKnownFileType = file.storyboard; name = Base; path = Base.lproj/Main.storyboard; sourceTree = "<group>"; };
		7B34487F1E7C5DB60055F047 /* Assets.xcassets */ = {isa = PBXFileReference; lastKnownFileType = folder.assetcatalog; path = Assets.xcassets; sourceTree = "<group>"; };
		7B3448821E7C5DB60055F047 /* Base */ = {isa = PBXFileReference; lastKnownFileType = file.storyboard; name = Base; path = Base.lproj/LaunchScreen.storyboard; sourceTree = "<group>"; };
		7B3448841E7C5DB60055F047 /* Info.plist */ = {isa = PBXFileReference; lastKnownFileType = text.plist.xml; path = Info.plist; sourceTree = "<group>"; };
		7B3448EC1E7C9D130055F047 /* pinjump.json */ = {isa = PBXFileReference; fileEncoding = 4; lastKnownFileType = text.json; path = pinjump.json; sourceTree = "<group>"; };
		7B3448EF1E7C9F400055F047 /* hamburguer.json */ = {isa = PBXFileReference; fileEncoding = 4; lastKnownFileType = text.json; path = hamburguer.json; sourceTree = "<group>"; };
		7B3448F11E7CA7FB0055F047 /* twitter.json */ = {isa = PBXFileReference; fileEncoding = 4; lastKnownFileType = text.json; path = twitter.json; sourceTree = "<group>"; };
		7B3448F31E7CAA8E0055F047 /* walkthrough.json */ = {isa = PBXFileReference; fileEncoding = 4; lastKnownFileType = text.json; path = walkthrough.json; sourceTree = "<group>"; };
		7B3448F51E7CAA930055F047 /* lottielogo.json */ = {isa = PBXFileReference; fileEncoding = 4; lastKnownFileType = text.json; path = lottielogo.json; sourceTree = "<group>"; };
		81C3F4F61D18890E505100D2 /* Pods-LottieAnimations.release.xcconfig */ = {isa = PBXFileReference; includeInIndex = 1; lastKnownFileType = text.xcconfig; name = "Pods-LottieAnimations.release.xcconfig"; path = "Pods/Target Support Files/Pods-LottieAnimations/Pods-LottieAnimations.release.xcconfig"; sourceTree = "<group>"; };
		986155ADFC76FEFB8A61C03A /* Pods-LottieAnimations.debug.xcconfig */ = {isa = PBXFileReference; includeInIndex = 1; lastKnownFileType = text.xcconfig; name = "Pods-LottieAnimations.debug.xcconfig"; path = "Pods/Target Support Files/Pods-LottieAnimations/Pods-LottieAnimations.debug.xcconfig"; sourceTree = "<group>"; };
/* End PBXFileReference section */

/* Begin PBXFrameworksBuildPhase section */
		7B3448721E7C5DB60055F047 /* Frameworks */ = {
			isa = PBXFrameworksBuildPhase;
			buildActionMask = 2147483647;
			files = (
				4C7BFD6002F2EDC3ED1089CF /* Pods_LottieAnimations.framework in Frameworks */,
			);
			runOnlyForDeploymentPostprocessing = 0;
		};
/* End PBXFrameworksBuildPhase section */

/* Begin PBXGroup section */
		7B34486C1E7C5DB60055F047 = {
			isa = PBXGroup;
			children = (
				7B3448771E7C5DB60055F047 /* LottieAnimations */,
				7B3448761E7C5DB60055F047 /* Products */,
				906C94A7500691D3B7D42A1B /* Pods */,
				B7FFFF105799972D9D3EE28C /* Frameworks */,
			);
			sourceTree = "<group>";
		};
		7B3448761E7C5DB60055F047 /* Products */ = {
			isa = PBXGroup;
			children = (
				7B3448751E7C5DB60055F047 /* LottieAnimations.app */,
			);
			name = Products;
			sourceTree = "<group>";
		};
		7B3448771E7C5DB60055F047 /* LottieAnimations */ = {
			isa = PBXGroup;
			children = (
				7B3448EE1E7C9D3C0055F047 /* Animation */,
				7B3448781E7C5DB60055F047 /* AppDelegate.swift */,
				7B34487A1E7C5DB60055F047 /* ViewController.swift */,
				7B34487C1E7C5DB60055F047 /* Main.storyboard */,
				7B34487F1E7C5DB60055F047 /* Assets.xcassets */,
				7B3448811E7C5DB60055F047 /* LaunchScreen.storyboard */,
				7B3448841E7C5DB60055F047 /* Info.plist */,
			);
			path = LottieAnimations;
			sourceTree = "<group>";
		};
		7B3448EE1E7C9D3C0055F047 /* Animation */ = {
			isa = PBXGroup;
			children = (
				7B3448EC1E7C9D130055F047 /* pinjump.json */,
				7B3448EF1E7C9F400055F047 /* hamburguer.json */,
				7B3448F11E7CA7FB0055F047 /* twitter.json */,
				7B3448F51E7CAA930055F047 /* lottielogo.json */,
				7B3448F31E7CAA8E0055F047 /* walkthrough.json */,
			);
			name = Animation;
			sourceTree = "<group>";
		};
		906C94A7500691D3B7D42A1B /* Pods */ = {
			isa = PBXGroup;
			children = (
				986155ADFC76FEFB8A61C03A /* Pods-LottieAnimations.debug.xcconfig */,
				81C3F4F61D18890E505100D2 /* Pods-LottieAnimations.release.xcconfig */,
			);
			name = Pods;
			sourceTree = "<group>";
		};
		B7FFFF105799972D9D3EE28C /* Frameworks */ = {
			isa = PBXGroup;
			children = (
				707FC6A996C3EC6EC6EF6BA4 /* Pods_LottieAnimations.framework */,
			);
			name = Frameworks;
			sourceTree = "<group>";
		};
/* End PBXGroup section */

/* Begin PBXNativeTarget section */
		7B3448741E7C5DB60055F047 /* LottieAnimations */ = {
			isa = PBXNativeTarget;
			buildConfigurationList = 7B3448871E7C5DB60055F047 /* Build configuration list for PBXNativeTarget "LottieAnimations" */;
			buildPhases = (
				40150F4C3B2160A9593E424A /* [CP] Check Pods Manifest.lock */,
				7B3448711E7C5DB60055F047 /* Sources */,
				7B3448721E7C5DB60055F047 /* Frameworks */,
				7B3448731E7C5DB60055F047 /* Resources */,
				09666A089A4F59D291F4DD48 /* [CP] Embed Pods Frameworks */,
				D3528E8ED7510BD439A29E27 /* [CP] Copy Pods Resources */,
			);
			buildRules = (
			);
			dependencies = (
			);
			name = LottieAnimations;
			productName = LottieAnimations;
			productReference = 7B3448751E7C5DB60055F047 /* LottieAnimations.app */;
			productType = "com.apple.product-type.application";
		};
/* End PBXNativeTarget section */

/* Begin PBXProject section */
		7B34486D1E7C5DB60055F047 /* Project object */ = {
			isa = PBXProject;
			attributes = {
				LastSwiftUpdateCheck = 0810;
				LastUpgradeCheck = 0810;
				ORGANIZATIONNAME = "James Rochabrun";
				TargetAttributes = {
					7B3448741E7C5DB60055F047 = {
						CreatedOnToolsVersion = 8.1;
						DevelopmentTeam = ULU46F325W;
						ProvisioningStyle = Automatic;
					};
				};
			};
			buildConfigurationList = 7B3448701E7C5DB60055F047 /* Build configuration list for PBXProject "LottieAnimations" */;
			compatibilityVersion = "Xcode 3.2";
			developmentRegion = English;
			hasScannedForEncodings = 0;
			knownRegions = (
				en,
				Base,
			);
			mainGroup = 7B34486C1E7C5DB60055F047;
			productRefGroup = 7B3448761E7C5DB60055F047 /* Products */;
			projectDirPath = "";
			projectRoot = "";
			targets = (
				7B3448741E7C5DB60055F047 /* LottieAnimations */,
			);
		};
/* End PBXProject section */

/* Begin PBXResourcesBuildPhase section */
		7B3448731E7C5DB60055F047 /* Resources */ = {
			isa = PBXResourcesBuildPhase;
			buildActionMask = 2147483647;
			files = (
				7B3448831E7C5DB60055F047 /* LaunchScreen.storyboard in Resources */,
				7B3448F61E7CAA930055F047 /* lottielogo.json in Resources */,
				7B3448801E7C5DB60055F047 /* Assets.xcassets in Resources */,
				7B34487E1E7C5DB60055F047 /* Main.storyboard in Resources */,
				7B3448ED1E7C9D130055F047 /* pinjump.json in Resources */,
				7B3448F01E7C9F400055F047 /* hamburguer.json in Resources */,
				7B3448F41E7CAA8E0055F047 /* walkthrough.json in Resources */,
				7B3448F21E7CA7FB0055F047 /* twitter.json in Resources */,
			);
			runOnlyForDeploymentPostprocessing = 0;
		};
/* End PBXResourcesBuildPhase section */

/* Begin PBXShellScriptBuildPhase section */
		09666A089A4F59D291F4DD48 /* [CP] Embed Pods Frameworks */ = {
			isa = PBXShellScriptBuildPhase;
			buildActionMask = 2147483647;
			files = (
			);
			inputPaths = (
			);
			name = "[CP] Embed Pods Frameworks";
			outputPaths = (
			);
			runOnlyForDeploymentPostprocessing = 0;
			shellPath = /bin/sh;
			shellScript = "\"${SRCROOT}/Pods/Target Support Files/Pods-LottieAnimations/Pods-LottieAnimations-frameworks.sh\"\n";
			showEnvVarsInLog = 0;
		};
		40150F4C3B2160A9593E424A /* [CP] Check Pods Manifest.lock */ = {
			isa = PBXShellScriptBuildPhase;
			buildActionMask = 2147483647;
			files = (
			);
			inputPaths = (
			);
			name = "[CP] Check Pods Manifest.lock";
			outputPaths = (
			);
			runOnlyForDeploymentPostprocessing = 0;
			shellPath = /bin/sh;
			shellScript = "diff \"${PODS_ROOT}/../Podfile.lock\" \"${PODS_ROOT}/Manifest.lock\" > /dev/null\nif [ $? != 0 ] ; then\n    # print error to STDERR\n    echo \"error: The sandbox is not in sync with the Podfile.lock. Run 'pod install' or update your CocoaPods installation.\" >&2\n    exit 1\nfi\n";
			showEnvVarsInLog = 0;
		};
		D3528E8ED7510BD439A29E27 /* [CP] Copy Pods Resources */ = {
			isa = PBXShellScriptBuildPhase;
			buildActionMask = 2147483647;
			files = (
			);
			inputPaths = (
			);
			name = "[CP] Copy Pods Resources";
			outputPaths = (
			);
			runOnlyForDeploymentPostprocessing = 0;
			shellPath = /bin/sh;
			shellScript = "\"${SRCROOT}/Pods/Target Support Files/Pods-LottieAnimations/Pods-LottieAnimations-resources.sh\"\n";
			showEnvVarsInLog = 0;
		};
/* End PBXShellScriptBuildPhase section */

/* Begin PBXSourcesBuildPhase section */
		7B3448711E7C5DB60055F047 /* Sources */ = {
			isa = PBXSourcesBuildPhase;
			buildActionMask = 2147483647;
			files = (
				7B34487B1E7C5DB60055F047 /* ViewController.swift in Sources */,
				7B3448791E7C5DB60055F047 /* AppDelegate.swift in Sources */,
			);
			runOnlyForDeploymentPostprocessing = 0;
		};
/* End PBXSourcesBuildPhase section */

/* Begin PBXVariantGroup section */
		7B34487C1E7C5DB60055F047 /* Main.storyboard */ = {
			isa = PBXVariantGroup;
			children = (
				7B34487D1E7C5DB60055F047 /* Base */,
			);
			name = Main.storyboard;
			sourceTree = "<group>";
		};
		7B3448811E7C5DB60055F047 /* LaunchScreen.storyboard */ = {
			isa = PBXVariantGroup;
			children = (
				7B3448821E7C5DB60055F047 /* Base */,
			);
			name = LaunchScreen.storyboard;
			sourceTree = "<group>";
		};
/* End PBXVariantGroup section */

/* Begin XCBuildConfiguration section */
		7B3448851E7C5DB60055F047 /* Debug */ = {
			isa = XCBuildConfiguration;
			buildSettings = {
				ALWAYS_SEARCH_USER_PATHS = NO;
				CLANG_ANALYZER_NONNULL = YES;
				CLANG_CXX_LANGUAGE_STANDARD = "gnu++0x";
				CLANG_CXX_LIBRARY = "libc++";
				CLANG_ENABLE_MODULES = YES;
				CLANG_ENABLE_OBJC_ARC = YES;
				CLANG_WARN_BOOL_CONVERSION = YES;
				CLANG_WARN_CONSTANT_CONVERSION = YES;
				CLANG_WARN_DIRECT_OBJC_ISA_USAGE = YES_ERROR;
				CLANG_WARN_DOCUMENTATION_COMMENTS = YES;
				CLANG_WARN_EMPTY_BODY = YES;
				CLANG_WARN_ENUM_CONVERSION = YES;
				CLANG_WARN_INFINITE_RECURSION = YES;
				CLANG_WARN_INT_CONVERSION = YES;
				CLANG_WARN_OBJC_ROOT_CLASS = YES_ERROR;
				CLANG_WARN_SUSPICIOUS_MOVES = YES;
				CLANG_WARN_UNREACHABLE_CODE = YES;
				CLANG_WARN__DUPLICATE_METHOD_MATCH = YES;
				"CODE_SIGN_IDENTITY[sdk=iphoneos*]" = "iPhone Developer";
				COPY_PHASE_STRIP = NO;
				DEBUG_INFORMATION_FORMAT = dwarf;
				ENABLE_STRICT_OBJC_MSGSEND = YES;
				ENABLE_TESTABILITY = YES;
				GCC_C_LANGUAGE_STANDARD = gnu99;
				GCC_DYNAMIC_NO_PIC = NO;
				GCC_NO_COMMON_BLOCKS = YES;
				GCC_OPTIMIZATION_LEVEL = 0;
				GCC_PREPROCESSOR_DEFINITIONS = (
					"DEBUG=1",
					"$(inherited)",
				);
				GCC_WARN_64_TO_32_BIT_CONVERSION = YES;
				GCC_WARN_ABOUT_RETURN_TYPE = YES_ERROR;
				GCC_WARN_UNDECLARED_SELECTOR = YES;
				GCC_WARN_UNINITIALIZED_AUTOS = YES_AGGRESSIVE;
				GCC_WARN_UNUSED_FUNCTION = YES;
				GCC_WARN_UNUSED_VARIABLE = YES;
				IPHONEOS_DEPLOYMENT_TARGET = 10.1;
				MTL_ENABLE_DEBUG_INFO = YES;
				ONLY_ACTIVE_ARCH = YES;
				SDKROOT = iphoneos;
				SWIFT_ACTIVE_COMPILATION_CONDITIONS = DEBUG;
				SWIFT_OPTIMIZATION_LEVEL = "-Onone";
			};
			name = Debug;
		};
		7B3448861E7C5DB60055F047 /* Release */ = {
			isa = XCBuildConfiguration;
			buildSettings = {
				ALWAYS_SEARCH_USER_PATHS = NO;
				CLANG_ANALYZER_NONNULL = YES;
				CLANG_CXX_LANGUAGE_STANDARD = "gnu++0x";
				CLANG_CXX_LIBRARY = "libc++";
				CLANG_ENABLE_MODULES = YES;
				CLANG_ENABLE_OBJC_ARC = YES;
				CLANG_WARN_BOOL_CONVERSION = YES;
				CLANG_WARN_CONSTANT_CONVERSION = YES;
				CLANG_WARN_DIRECT_OBJC_ISA_USAGE = YES_ERROR;
				CLANG_WARN_DOCUMENTATION_COMMENTS = YES;
				CLANG_WARN_EMPTY_BODY = YES;
				CLANG_WARN_ENUM_CONVERSION = YES;
				CLANG_WARN_INFINITE_RECURSION = YES;
				CLANG_WARN_INT_CONVERSION = YES;
				CLANG_WARN_OBJC_ROOT_CLASS = YES_ERROR;
				CLANG_WARN_SUSPICIOUS_MOVES = YES;
				CLANG_WARN_UNREACHABLE_CODE = YES;
				CLANG_WARN__DUPLICATE_METHOD_MATCH = YES;
				"CODE_SIGN_IDENTITY[sdk=iphoneos*]" = "iPhone Developer";
				COPY_PHASE_STRIP = NO;
				DEBUG_INFORMATION_FORMAT = "dwarf-with-dsym";
				ENABLE_NS_ASSERTIONS = NO;
				ENABLE_STRICT_OBJC_MSGSEND = YES;
				GCC_C_LANGUAGE_STANDARD = gnu99;
				GCC_NO_COMMON_BLOCKS = YES;
				GCC_WARN_64_TO_32_BIT_CONVERSION = YES;
				GCC_WARN_ABOUT_RETURN_TYPE = YES_ERROR;
				GCC_WARN_UNDECLARED_SELECTOR = YES;
				GCC_WARN_UNINITIALIZED_AUTOS = YES_AGGRESSIVE;
				GCC_WARN_UNUSED_FUNCTION = YES;
				GCC_WARN_UNUSED_VARIABLE = YES;
				IPHONEOS_DEPLOYMENT_TARGET = 10.1;
				MTL_ENABLE_DEBUG_INFO = NO;
				SDKROOT = iphoneos;
				SWIFT_OPTIMIZATION_LEVEL = "-Owholemodule";
				VALIDATE_PRODUCT = YES;
			};
			name = Release;
		};
		7B3448881E7C5DB60055F047 /* Debug */ = {
			isa = XCBuildConfiguration;
			baseConfigurationReference = 986155ADFC76FEFB8A61C03A /* Pods-LottieAnimations.debug.xcconfig */;
			buildSettings = {
				ASSETCATALOG_COMPILER_APPICON_NAME = AppIcon;
				DEVELOPMENT_TEAM = ULU46F325W;
				INFOPLIST_FILE = LottieAnimations/Info.plist;
				LD_RUNPATH_SEARCH_PATHS = "$(inherited) @executable_path/Frameworks";
				PRODUCT_BUNDLE_IDENTIFIER = com.speedelo.LottieAnimations;
				PRODUCT_NAME = "$(TARGET_NAME)";
				SWIFT_VERSION = 3.0;
			};
			name = Debug;
		};
		7B3448891E7C5DB60055F047 /* Release */ = {
			isa = XCBuildConfiguration;
			baseConfigurationReference = 81C3F4F61D18890E505100D2 /* Pods-LottieAnimations.release.xcconfig */;
			buildSettings = {
				ASSETCATALOG_COMPILER_APPICON_NAME = AppIcon;
				DEVELOPMENT_TEAM = ULU46F325W;
				INFOPLIST_FILE = LottieAnimations/Info.plist;
				LD_RUNPATH_SEARCH_PATHS = "$(inherited) @executable_path/Frameworks";
				PRODUCT_BUNDLE_IDENTIFIER = com.speedelo.LottieAnimations;
				PRODUCT_NAME = "$(TARGET_NAME)";
				SWIFT_VERSION = 3.0;
			};
			name = Release;
		};
/* End XCBuildConfiguration section */

/* Begin XCConfigurationList section */
		7B3448701E7C5DB60055F047 /* Build configuration list for PBXProject "LottieAnimations" */ = {
			isa = XCConfigurationList;
			buildConfigurations = (
				7B3448851E7C5DB60055F047 /* Debug */,
				7B3448861E7C5DB60055F047 /* Release */,
			);
			defaultConfigurationIsVisible = 0;
			defaultConfigurationName = Release;
		};
		7B3448871E7C5DB60055F047 /* Build configuration list for PBXNativeTarget "LottieAnimations" */ = {
			isa = XCConfigurationList;
			buildConfigurations = (
				7B3448881E7C5DB60055F047 /* Debug */,
				7B3448891E7C5DB60055F047 /* Release */,
			);
			defaultConfigurationIsVisible = 0;
			defaultConfigurationName = Release;
		};
/* End XCConfigurationList section */
	};
	rootObject = 7B34486D1E7C5DB60055F047 /* Project object */;
}
